
Microsoft Visual Studio Solution File, Format Version 12.00
# Visual Studio 15
VisualStudioVersion = 15.0.28307.960
MinimumVisualStudioVersion = 10.0.40219.1
Project("{FAE04EC0-301F-11D3-BF4B-00C04F79EFBC}") = "Selenium.Specflow.Extent.Reports", "Selenium.Specflow.Extent.Reports.csproj", "{BD02E87B-E7E6-4FD6-9AAB-9142866E93FF}"
EndProject
Global
	GlobalSection(SolutionConfigurationPlatforms) = preSolution
		Debug|Any CPU = Debug|Any CPU
		Release|Any CPU = Release|Any CPU
	EndGlobalSection
	GlobalSection(ProjectConfigurationPlatforms) = postSolution
		{BD02E87B-E7E6-4FD6-9AAB-9142866E93FF}.Debug|Any CPU.ActiveCfg = Debug|Any CPU
		{BD02E87B-E7E6-4FD6-9AAB-9142866E93FF}.Debug|Any CPU.Build.0 = Debug|Any CPU
		{BD02E87B-E7E6-4FD6-9AAB-9142866E93FF}.Release|Any CPU.ActiveCfg = Release|Any CPU
		{BD02E87B-E7E6-4FD6-9AAB-9142866E93FF}.Release|Any CPU.Build.0 = Release|Any CPU
	EndGlobalSection
	GlobalSection(SolutionProperties) = preSolution
		HideSolutionNode = FALSE
	EndGlobalSection
	GlobalSection(ExtensibilityGlobals) = postSolution
		SolutionGuid = {29CD79FC-1DD9-4384-B2C5-557FF610DB45}
	EndGlobalSection
EndGlobal
